
Microsoft Visual Studio Solution File, Format Version 12.00
# Visual Studio Version 17
VisualStudioVersion = 17.8.34330.188
MinimumVisualStudioVersion = 10.0.40219.1
Project("{FAE04EC0-301F-11D3-BF4B-00C04F79EFBC}") = "Work by Speech", "Work by Speech\Work by Speech.csproj", "{65A56C47-FF03-4145-9427-84E6876EAA7F}"
EndProject
Global
	GlobalSection(SolutionConfigurationPlatforms) = preSolution
		Debug|Any CPU = Debug|Any CPU
		Release|Any CPU = Release|Any CPU
	EndGlobalSection
	GlobalSection(ProjectConfigurationPlatforms) = postSolution
		{65A56C47-FF03-4145-9427-84E6876EAA7F}.Debug|Any CPU.ActiveCfg = Debug|Any CPU
		{65A56C47-FF03-4145-9427-84E6876EAA7F}.Debug|Any CPU.Build.0 = Debug|Any CPU
		{65A56C47-FF03-4145-9427-84E6876EAA7F}.Release|Any CPU.ActiveCfg = Release|Any CPU
		{65A56C47-FF03-4145-9427-84E6876EAA7F}.Release|Any CPU.Build.0 = Release|Any CPU
	EndGlobalSection
	GlobalSection(SolutionProperties) = preSolution
		HideSolutionNode = FALSE
	EndGlobalSection
	GlobalSection(ExtensibilityGlobals) = postSolution
		SolutionGuid = {BC3F9B4E-40E5-438D-BD55-4DAE6C9C825F}
	EndGlobalSection
EndGlobal
